
Microsoft Visual Studio Solution File, Format Version 12.00
# Visual Studio Version 17
VisualStudioVersion = 17.9.34622.214
MinimumVisualStudioVersion = 10.0.40219.1
Project("{FAE04EC0-301F-11D3-BF4B-00C04F79EFBC}") = "BezdarAPI", "BezdarAPI\BezdarAPI.csproj", "{34E0DDEC-B475-4A1B-826B-99D8ECA38879}"
EndProject
Global
	GlobalSection(SolutionConfigurationPlatforms) = preSolution
		Debug|Any CPU = Debug|Any CPU
		Release|Any CPU = Release|Any CPU
	EndGlobalSection
	GlobalSection(ProjectConfigurationPlatforms) = postSolution
		{34E0DDEC-B475-4A1B-826B-99D8ECA38879}.Debug|Any CPU.ActiveCfg = Debug|Any CPU
		{34E0DDEC-B475-4A1B-826B-99D8ECA38879}.Debug|Any CPU.Build.0 = Debug|Any CPU
		{34E0DDEC-B475-4A1B-826B-99D8ECA38879}.Release|Any CPU.ActiveCfg = Release|Any CPU
		{34E0DDEC-B475-4A1B-826B-99D8ECA38879}.Release|Any CPU.Build.0 = Release|Any CPU
	EndGlobalSection
	GlobalSection(SolutionProperties) = preSolution
		HideSolutionNode = FALSE
	EndGlobalSection
	GlobalSection(ExtensibilityGlobals) = postSolution
		SolutionGuid = {1636105C-1372-4DE9-A10F-FA9F3252C4D3}
	EndGlobalSection
EndGlobal
